
Microsoft Visual Studio Solution File, Format Version 12.00
# Visual Studio Version 17
VisualStudioVersion = 17.0.31903.59
MinimumVisualStudioVersion = 10.0.40219.1
Project("{FAE04EC0-301F-11D3-BF4B-00C04F79EFBC}") = "BookSearchSystem.Domain", "BookSearchSystem.Domain\BookSearchSystem.Domain.csproj", "{C0B2CA8E-41A9-464F-AB3B-00D2ECCD1C3C}"
EndProject
Project("{FAE04EC0-301F-11D3-BF4B-00C04F79EFBC}") = "BookSearchSystem.Infrastructure", "BookSearchSystem.Infrastructure\BookSearchSystem.Infrastructure.csproj", "{FB1C1EAA-A07D-4CEA-9894-0AC396EE7343}"
EndProject
Project("{FAE04EC0-301F-11D3-BF4B-00C04F79EFBC}") = "BookSearchSystem.Application", "BookSearchSystem.Application\BookSearchSystem.Application.csproj", "{04FA90F3-A254-42A8-9A59-54758D43FD9C}"
EndProject
Project("{FAE04EC0-301F-11D3-BF4B-00C04F79EFBC}") = "BookSearchSystem.Web", "BookSearchSystem.Web\BookSearchSystem.Web.csproj", "{574CD984-669C-4478-BE10-2F99712EF97C}"
EndProject
Global
	GlobalSection(SolutionConfigurationPlatforms) = preSolution
		Debug|Any CPU = Debug|Any CPU
		Debug|x64 = Debug|x64
		Debug|x86 = Debug|x86
		Release|Any CPU = Release|Any CPU
		Release|x64 = Release|x64
		Release|x86 = Release|x86
	EndGlobalSection
	GlobalSection(ProjectConfigurationPlatforms) = postSolution
		{C0B2CA8E-41A9-464F-AB3B-00D2ECCD1C3C}.Debug|Any CPU.ActiveCfg = Debug|Any CPU
		{C0B2CA8E-41A9-464F-AB3B-00D2ECCD1C3C}.Debug|Any CPU.Build.0 = Debug|Any CPU
		{C0B2CA8E-41A9-464F-AB3B-00D2ECCD1C3C}.Debug|x64.ActiveCfg = Debug|Any CPU
		{C0B2CA8E-41A9-464F-AB3B-00D2ECCD1C3C}.Debug|x64.Build.0 = Debug|Any CPU
		{C0B2CA8E-41A9-464F-AB3B-00D2ECCD1C3C}.Debug|x86.ActiveCfg = Debug|Any CPU
		{C0B2CA8E-41A9-464F-AB3B-00D2ECCD1C3C}.Debug|x86.Build.0 = Debug|Any CPU
		{C0B2CA8E-41A9-464F-AB3B-00D2ECCD1C3C}.Release|Any CPU.ActiveCfg = Release|Any CPU
		{C0B2CA8E-41A9-464F-AB3B-00D2ECCD1C3C}.Release|Any CPU.Build.0 = Release|Any CPU
		{C0B2CA8E-41A9-464F-AB3B-00D2ECCD1C3C}.Release|x64.ActiveCfg = Release|Any CPU
		{C0B2CA8E-41A9-464F-AB3B-00D2ECCD1C3C}.Release|x64.Build.0 = Release|Any CPU
		{C0B2CA8E-41A9-464F-AB3B-00D2ECCD1C3C}.Release|x86.ActiveCfg = Release|Any CPU
		{C0B2CA8E-41A9-464F-AB3B-00D2ECCD1C3C}.Release|x86.Build.0 = Release|Any CPU
		{FB1C1EAA-A07D-4CEA-9894-0AC396EE7343}.Debug|Any CPU.ActiveCfg = Debug|Any CPU
		{FB1C1EAA-A07D-4CEA-9894-0AC396EE7343}.Debug|Any CPU.Build.0 = Debug|Any CPU
		{FB1C1EAA-A07D-4CEA-9894-0AC396EE7343}.Debug|x64.ActiveCfg = Debug|Any CPU
		{FB1C1EAA-A07D-4CEA-9894-0AC396EE7343}.Debug|x64.Build.0 = Debug|Any CPU
		{FB1C1EAA-A07D-4CEA-9894-0AC396EE7343}.Debug|x86.ActiveCfg = Debug|Any CPU
		{FB1C1EAA-A07D-4CEA-9894-0AC396EE7343}.Debug|x86.Build.0 = Debug|Any CPU
		{FB1C1EAA-A07D-4CEA-9894-0AC396EE7343}.Release|Any CPU.ActiveCfg = Release|Any CPU
		{FB1C1EAA-A07D-4CEA-9894-0AC396EE7343}.Release|Any CPU.Build.0 = Release|Any CPU
		{FB1C1EAA-A07D-4CEA-9894-0AC396EE7343}.Release|x64.ActiveCfg = Release|Any CPU
		{FB1C1EAA-A07D-4CEA-9894-0AC396EE7343}.Release|x64.Build.0 = Release|Any CPU
		{FB1C1EAA-A07D-4CEA-9894-0AC396EE7343}.Release|x86.ActiveCfg = Release|Any CPU
		{FB1C1EAA-A07D-4CEA-9894-0AC396EE7343}.Release|x86.Build.0 = Release|Any CPU
		{04FA90F3-A254-42A8-9A59-54758D43FD9C}.Debug|Any CPU.ActiveCfg = Debug|Any CPU
		{04FA90F3-A254-42A8-9A59-54758D43FD9C}.Debug|Any CPU.Build.0 = Debug|Any CPU
		{04FA90F3-A254-42A8-9A59-54758D43FD9C}.Debug|x64.ActiveCfg = Debug|Any CPU
		{04FA90F3-A254-42A8-9A59-54758D43FD9C}.Debug|x64.Build.0 = Debug|Any CPU
		{04FA90F3-A254-42A8-9A59-54758D43FD9C}.Debug|x86.ActiveCfg = Debug|Any CPU
		{04FA90F3-A254-42A8-9A59-54758D43FD9C}.Debug|x86.Build.0 = Debug|Any CPU
		{04FA90F3-A254-42A8-9A59-54758D43FD9C}.Release|Any CPU.ActiveCfg = Release|Any CPU
		{04FA90F3-A254-42A8-9A59-54758D43FD9C}.Release|Any CPU.Build.0 = Release|Any CPU
		{04FA90F3-A254-42A8-9A59-54758D43FD9C}.Release|x64.ActiveCfg = Release|Any CPU
		{04FA90F3-A254-42A8-9A59-54758D43FD9C}.Release|x64.Build.0 = Release|Any CPU
		{04FA90F3-A254-42A8-9A59-54758D43FD9C}.Release|x86.ActiveCfg = Release|Any CPU
		{04FA90F3-A254-42A8-9A59-54758D43FD9C}.Release|x86.Build.0 = Release|Any CPU
		{574CD984-669C-4478-BE10-2F99712EF97C}.Debug|Any CPU.ActiveCfg = Debug|Any CPU
		{574CD984-669C-4478-BE10-2F99712EF97C}.Debug|Any CPU.Build.0 = Debug|Any CPU
		{574CD984-669C-4478-BE10-2F99712EF97C}.Debug|x64.ActiveCfg = Debug|Any CPU
		{574CD984-669C-4478-BE10-2F99712EF97C}.Debug|x64.Build.0 = Debug|Any CPU
		{574CD984-669C-4478-BE10-2F99712EF97C}.Debug|x86.ActiveCfg = Debug|Any CPU
		{574CD984-669C-4478-BE10-2F99712EF97C}.Debug|x86.Build.0 = Debug|Any CPU
		{574CD984-669C-4478-BE10-2F99712EF97C}.Release|Any CPU.ActiveCfg = Release|Any CPU
		{574CD984-669C-4478-BE10-2F99712EF97C}.Release|Any CPU.Build.0 = Release|Any CPU
		{574CD984-669C-4478-BE10-2F99712EF97C}.Release|x64.ActiveCfg = Release|Any CPU
		{574CD984-669C-4478-BE10-2F99712EF97C}.Release|x64.Build.0 = Release|Any CPU
		{574CD984-669C-4478-BE10-2F99712EF97C}.Release|x86.ActiveCfg = Release|Any CPU
		{574CD984-669C-4478-BE10-2F99712EF97C}.Release|x86.Build.0 = Release|Any CPU
	EndGlobalSection
	GlobalSection(SolutionProperties) = preSolution
		HideSolutionNode = FALSE
	EndGlobalSection
EndGlobal
